{
  "name": "education-assistant",
  "lockfileVersion": 3,
  "requires": true,
  "packages": {
    "": {
      "dependencies": {
        "save-file": "^2.3.1"
      }
    },
    "node_modules/atob-lite": {
      "version": "2.0.0",
      "resolved": "https://registry.npmjs.org/atob-lite/-/atob-lite-2.0.0.tgz",
      "integrity": "sha512-LEeSAWeh2Gfa2FtlQE1shxQ8zi5F9GHarrGKz08TMdODD5T4eH6BMsvtnhbWZ+XQn+Gb6om/917ucvRu7l7ukw==",
      "license": "MIT"
    },
    "node_modules/dtype": {
      "version": "2.0.0",
      "resolved": "https://registry.npmjs.org/dtype/-/dtype-2.0.0.tgz",
      "integrity": "sha512-s2YVcLKdFGS0hpFqJaTwscsyt0E8nNFdmo73Ocd81xNPj4URI4rj6D60A+vFMIw7BXWlb4yRkEwfBqcZzPGiZg==",
      "license": "MIT",
      "engines": {
        "node": ">= 0.8.0"
      }
    },
    "node_modules/file-saver": {
      "version": "2.0.5",
      "resolved": "https://registry.npmjs.org/file-saver/-/file-saver-2.0.5.tgz",
      "integrity": "sha512-P9bmyZ3h/PRG+Nzga+rbdI4OEpNDzAVyy74uVO9ATgzLK6VtAsYybF/+TOCvrc0MO793d6+42lLyZTw7/ArVzA==",
      "license": "MIT"
    },
    "node_modules/flatten-vertex-data": {
      "version": "1.0.2",
      "resolved": "https://registry.npmjs.org/flatten-vertex-data/-/flatten-vertex-data-1.0.2.tgz",
      "integrity": "sha512-BvCBFK2NZqerFTdMDgqfHBwxYWnxeCkwONsw6PvBMcUXqo8U/KDWwmXhqx1x2kLIg7DqIsJfOaJFOmlua3Lxuw==",
      "license": "MIT",
      "dependencies": {
        "dtype": "^2.0.0"
      }
    },
    "node_modules/is-base64": {
      "version": "0.1.0",
      "resolved": "https://registry.npmjs.org/is-base64/-/is-base64-0.1.0.tgz",
      "integrity": "sha512-WRRyllsGXJM7ZN7gPTCCQ/6wNPTRDwiWdPK66l5sJzcU/oOzcIcRRf0Rux8bkpox/1yjt0F6VJRsQOIG2qz5sg==",
      "license": "MIT"
    },
    "node_modules/is-blob": {
      "version": "1.0.0",
      "resolved": "https://registry.npmjs.org/is-blob/-/is-blob-1.0.0.tgz",
      "integrity": "sha512-QIZDHQZpRfMEZwSTD7egdNZS7H/awVW9FZ3yJv+gg1z8d8GPXEs76QWL67fZs2BoBqp2dGtamTJpEYFJHmD73g==",
      "license": "MIT",
      "engines": {
        "node": ">=0.10.0"
      }
    },
    "node_modules/is-buffer": {
      "version": "2.0.5",
      "resolved": "https://registry.npmjs.org/is-buffer/-/is-buffer-2.0.5.tgz",
      "integrity": "sha512-i2R6zNFDwgEHJyQUtJEk0XFi1i0dPFn/oqjK3/vPCcDeJvW5NQ83V8QbicfF1SupOaB0h8ntgBC2YiE7dfyctQ==",
      "funding": [
        {
          "type": "github",
          "url": "https://github.com/sponsors/feross"
        },
        {
          "type": "patreon",
          "url": "https://www.patreon.com/feross"
        },
        {
          "type": "consulting",
          "url": "https://feross.org/support"
        }
      ],
      "license": "MIT",
      "engines": {
        "node": ">=4"
      }
    },
    "node_modules/minimist": {
      "version": "1.2.8",
      "resolved": "https://registry.npmjs.org/minimist/-/minimist-1.2.8.tgz",
      "integrity": "sha512-2yyAR8qBkN3YuheJanUpWC5U3bb5osDywNB8RzDVlDwDHbocAJveqqj1u8+SVD7jkWT4yvsHCpWqqWqAxb0zCA==",
      "license": "MIT",
      "funding": {
        "url": "https://github.com/sponsors/ljharb"
      }
    },
    "node_modules/mkdirp": {
      "version": "0.5.6",
      "resolved": "https://registry.npmjs.org/mkdirp/-/mkdirp-0.5.6.tgz",
      "integrity": "sha512-FP+p8RB8OWpF3YZBCrP5gtADmtXApB5AMLn+vdyA+PyxCjrCs00mjyUozssO33cwDeT3wNGdLxJ5M//YqtHAJw==",
      "license": "MIT",
      "dependencies": {
        "minimist": "^1.2.6"
      },
      "bin": {
        "mkdirp": "bin/cmd.js"
      }
    },
    "node_modules/save-file": {
      "version": "2.3.1",
      "resolved": "https://registry.npmjs.org/save-file/-/save-file-2.3.1.tgz",
      "integrity": "sha512-VOD2Ojb1/kuj0XbvSXzZ5xr4rRSZD8f+HzKWGztXNp93gBQDj3njFt9HMhmLtnwd7q0BjJkzLXqd8M2+PFS1qg==",
      "license": "MIT",
      "dependencies": {
        "file-saver": "^2.0.0-rc.4",
        "is-blob": "^1.0.0",
        "is-buffer": "^2.0.0",
        "simple-mime": "^0.1.0",
        "to-array-buffer": "^3.2.0",
        "write": "^1.0.0"
      }
    },
    "node_modules/simple-mime": {
      "version": "0.1.0",
      "resolved": "https://registry.npmjs.org/simple-mime/-/simple-mime-0.1.0.tgz",
      "integrity": "sha512-2EoTElzj77w0hV4lW6nWdA+MR+81hviMBhEc/ppUi0+Q311EFCvwKrGS7dcxqvGRKnUdbAyqPJtBQbRYgmtmvQ==",
      "engines": [
        "node >= 0.2.0"
      ]
    },
    "node_modules/string-to-arraybuffer": {
      "version": "1.0.2",
      "resolved": "https://registry.npmjs.org/string-to-arraybuffer/-/string-to-arraybuffer-1.0.2.tgz",
      "integrity": "sha512-DaGZidzi93dwjQen5I2osxR9ERS/R7B1PFyufNMnzhj+fmlDQAc1DSDIJVJhgI8Oq221efIMbABUBdPHDRt43Q==",
      "license": "MIT",
      "dependencies": {
        "atob-lite": "^2.0.0",
        "is-base64": "^0.1.0"
      }
    },
    "node_modules/to-array-buffer": {
      "version": "3.2.0",
      "resolved": "https://registry.npmjs.org/to-array-buffer/-/to-array-buffer-3.2.0.tgz",
      "integrity": "sha512-zN33mwi0gpL+7xW1ITLfJ48CEj6ZQW0ZAP0MU+2W3kEY0PAIncyuxmD4OqkUVhPAbTP7amq9j/iwvZKYS+lzSQ==",
      "license": "MIT",
      "dependencies": {
        "flatten-vertex-data": "^1.0.2",
        "is-blob": "^2.0.1",
        "string-to-arraybuffer": "^1.0.0"
      }
    },
    "node_modules/to-array-buffer/node_modules/is-blob": {
      "version": "2.1.0",
      "resolved": "https://registry.npmjs.org/is-blob/-/is-blob-2.1.0.tgz",
      "integrity": "sha512-SZ/fTft5eUhQM6oF/ZaASFDEdbFVe89Imltn9uZr03wdKMcWNVYSMjQPFtg05QuNkt5l5c135ElvXEQG0rk4tw==",
      "license": "MIT",
      "engines": {
        "node": ">=6"
      },
      "funding": {
        "url": "https://github.com/sponsors/sindresorhus"
      }
    },
    "node_modules/write": {
      "version": "1.0.3",
      "resolved": "https://registry.npmjs.org/write/-/write-1.0.3.tgz",
      "integrity": "sha512-/lg70HAjtkUgWPVZhZcm+T4hkL8Zbtp1nFNOn3lRrxnlv50SRBv7cR7RqR+GMsd3hUXy9hWBo4CHTbFTcOYwig==",
      "license": "MIT",
      "dependencies": {
        "mkdirp": "^0.5.1"
      },
      "engines": {
        "node": ">=4"
      }
    }
  }
}
